
Microsoft Visual Studio Solution File, Format Version 12.00
# Visual Studio Version 17
VisualStudioVersion = 17.7.34003.232
MinimumVisualStudioVersion = 10.0.40219.1
Project("{FAE04EC0-301F-11D3-BF4B-00C04F79EFBC}") = "LibaryApp", "LibaryApp\LibaryApp.csproj", "{F1D03553-85B8-42E1-B5E5-4905C8CD9542}"
EndProject
Project("{FAE04EC0-301F-11D3-BF4B-00C04F79EFBC}") = "LibaryApp.Entity", "LibaryApp.Entity\LibaryApp.Entity.csproj", "{E87815A4-6FC2-4392-B920-DE697A1DEA3B}"
EndProject
Project("{FAE04EC0-301F-11D3-BF4B-00C04F79EFBC}") = "LibaryApp.Dal", "LibaryApp.Dal\LibaryApp.Dal.csproj", "{9BBF9B4D-D5E2-4F88-945B-E8E1CDF6539D}"
EndProject
Project("{FAE04EC0-301F-11D3-BF4B-00C04F79EFBC}") = "Libary.Business", "Libary.Business\Libary.Business.csproj", "{D00615C3-D1E9-4BA4-9C5A-85A609224FB0}"
EndProject
Project("{FAE04EC0-301F-11D3-BF4B-00C04F79EFBC}") = "LibaryApp.Core", "LibaryApp.Core\LibaryApp.Core.csproj", "{83578B29-4ACC-4E3C-A4BA-37BB4BDB2502}"
EndProject
Global
	GlobalSection(SolutionConfigurationPlatforms) = preSolution
		Debug|Any CPU = Debug|Any CPU
		Release|Any CPU = Release|Any CPU
	EndGlobalSection
	GlobalSection(ProjectConfigurationPlatforms) = postSolution
		{F1D03553-85B8-42E1-B5E5-4905C8CD9542}.Debug|Any CPU.ActiveCfg = Debug|Any CPU
		{F1D03553-85B8-42E1-B5E5-4905C8CD9542}.Debug|Any CPU.Build.0 = Debug|Any CPU
		{F1D03553-85B8-42E1-B5E5-4905C8CD9542}.Release|Any CPU.ActiveCfg = Release|Any CPU
		{F1D03553-85B8-42E1-B5E5-4905C8CD9542}.Release|Any CPU.Build.0 = Release|Any CPU
		{E87815A4-6FC2-4392-B920-DE697A1DEA3B}.Debug|Any CPU.ActiveCfg = Debug|Any CPU
		{E87815A4-6FC2-4392-B920-DE697A1DEA3B}.Debug|Any CPU.Build.0 = Debug|Any CPU
		{E87815A4-6FC2-4392-B920-DE697A1DEA3B}.Release|Any CPU.ActiveCfg = Release|Any CPU
		{E87815A4-6FC2-4392-B920-DE697A1DEA3B}.Release|Any CPU.Build.0 = Release|Any CPU
		{9BBF9B4D-D5E2-4F88-945B-E8E1CDF6539D}.Debug|Any CPU.ActiveCfg = Debug|Any CPU
		{9BBF9B4D-D5E2-4F88-945B-E8E1CDF6539D}.Debug|Any CPU.Build.0 = Debug|Any CPU
		{9BBF9B4D-D5E2-4F88-945B-E8E1CDF6539D}.Release|Any CPU.ActiveCfg = Release|Any CPU
		{9BBF9B4D-D5E2-4F88-945B-E8E1CDF6539D}.Release|Any CPU.Build.0 = Release|Any CPU
		{D00615C3-D1E9-4BA4-9C5A-85A609224FB0}.Debug|Any CPU.ActiveCfg = Debug|Any CPU
		{D00615C3-D1E9-4BA4-9C5A-85A609224FB0}.Debug|Any CPU.Build.0 = Debug|Any CPU
		{D00615C3-D1E9-4BA4-9C5A-85A609224FB0}.Release|Any CPU.ActiveCfg = Release|Any CPU
		{D00615C3-D1E9-4BA4-9C5A-85A609224FB0}.Release|Any CPU.Build.0 = Release|Any CPU
		{83578B29-4ACC-4E3C-A4BA-37BB4BDB2502}.Debug|Any CPU.ActiveCfg = Debug|Any CPU
		{83578B29-4ACC-4E3C-A4BA-37BB4BDB2502}.Debug|Any CPU.Build.0 = Debug|Any CPU
		{83578B29-4ACC-4E3C-A4BA-37BB4BDB2502}.Release|Any CPU.ActiveCfg = Release|Any CPU
		{83578B29-4ACC-4E3C-A4BA-37BB4BDB2502}.Release|Any CPU.Build.0 = Release|Any CPU
	EndGlobalSection
	GlobalSection(SolutionProperties) = preSolution
		HideSolutionNode = FALSE
	EndGlobalSection
	GlobalSection(ExtensibilityGlobals) = postSolution
		SolutionGuid = {5B986219-83FB-4FA5-926F-774FD7278B1F}
	EndGlobalSection
EndGlobal
